
Microsoft Visual Studio Solution File, Format Version 12.00
# Visual Studio 15
VisualStudioVersion = 15.0.28307.271
MinimumVisualStudioVersion = 10.0.40219.1
Project("{FAE04EC0-301F-11D3-BF4B-00C04F79EFBC}") = "WordSearch", "WordSearch\WordSearch.csproj", "{C234C9D8-8CFB-4801-ACE1-38E75A958F49}"
EndProject
Global
	GlobalSection(SolutionConfigurationPlatforms) = preSolution
		Debug|Any CPU = Debug|Any CPU
		Release|Any CPU = Release|Any CPU
	EndGlobalSection
	GlobalSection(ProjectConfigurationPlatforms) = postSolution
		{C234C9D8-8CFB-4801-ACE1-38E75A958F49}.Debug|Any CPU.ActiveCfg = Debug|Any CPU
		{C234C9D8-8CFB-4801-ACE1-38E75A958F49}.Debug|Any CPU.Build.0 = Debug|Any CPU
		{C234C9D8-8CFB-4801-ACE1-38E75A958F49}.Release|Any CPU.ActiveCfg = Release|Any CPU
		{C234C9D8-8CFB-4801-ACE1-38E75A958F49}.Release|Any CPU.Build.0 = Release|Any CPU
	EndGlobalSection
	GlobalSection(SolutionProperties) = preSolution
		HideSolutionNode = FALSE
	EndGlobalSection
	GlobalSection(ExtensibilityGlobals) = postSolution
		SolutionGuid = {C52D326A-F509-4313-BE07-D70ED162C210}
	EndGlobalSection
EndGlobal
